
Microsoft Visual Studio Solution File, Format Version 12.00
# Visual Studio Version 17
VisualStudioVersion = 17.0.31903.59
MinimumVisualStudioVersion = 10.0.40219.1
Project("{2150E333-8FDC-42A3-9474-1A3956D46DE8}") = "src", "src", "{827E0CD3-B72D-47B6-A68D-7590B98EB39B}"
EndProject
Project("{FAE04EC0-301F-11D3-BF4B-00C04F79EFBC}") = "Vali-Blob.Core", "src\Vali-Blob.Core\Vali-Blob.Core.csproj", "{DD2390CB-F706-44E3-9334-793FFA95946A}"
EndProject
Project("{FAE04EC0-301F-11D3-BF4B-00C04F79EFBC}") = "Vali-Blob.AWS", "src\Vali-Blob.AWS\Vali-Blob.AWS.csproj", "{28AAEF2A-6CF0-48DB-BA71-5728DEB76F6D}"
EndProject
Project("{FAE04EC0-301F-11D3-BF4B-00C04F79EFBC}") = "Vali-Blob.Azure", "src\Vali-Blob.Azure\Vali-Blob.Azure.csproj", "{44441C34-4F60-48F3-95D6-4ECCB6A7D0E8}"
EndProject
Project("{FAE04EC0-301F-11D3-BF4B-00C04F79EFBC}") = "Vali-Blob.GCP", "src\Vali-Blob.GCP\Vali-Blob.GCP.csproj", "{5AE1E1C9-0974-4E85-817B-6FB33D72CFDF}"
EndProject
Project("{FAE04EC0-301F-11D3-BF4B-00C04F79EFBC}") = "Vali-Blob.OCI", "src\Vali-Blob.OCI\Vali-Blob.OCI.csproj", "{0DA05C93-05D1-4485-B6CF-B9F08DD10289}"
EndProject
Project("{FAE04EC0-301F-11D3-BF4B-00C04F79EFBC}") = "Vali-Blob.Testing", "src\Vali-Blob.Testing\Vali-Blob.Testing.csproj", "{1C64E4E7-5F87-4B58-988D-DD2A9C6E3A76}"
EndProject
Project("{FAE04EC0-301F-11D3-BF4B-00C04F79EFBC}") = "Vali-Blob.HealthChecks", "src\Vali-Blob.HealthChecks\Vali-Blob.HealthChecks.csproj", "{A1B2C3D4-E5F6-7890-ABCD-EF1234567890}"
EndProject
Project("{FAE04EC0-301F-11D3-BF4B-00C04F79EFBC}") = "Vali-Blob.Supabase", "src\Vali-Blob.Supabase\Vali-Blob.Supabase.csproj", "{B2C3D4E5-F6A7-8901-BCDE-F12345678901}"
EndProject
Project("{FAE04EC0-301F-11D3-BF4B-00C04F79EFBC}") = "Vali-Blob.Redis", "src\Vali-Blob.Redis\Vali-Blob.Redis.csproj", "{D1E2F3A4-B5C6-7890-ABCD-EF1234567891}"
EndProject
Project("{FAE04EC0-301F-11D3-BF4B-00C04F79EFBC}") = "Vali-Blob.ImageSharp", "src\Vali-Blob.ImageSharp\Vali-Blob.ImageSharp.csproj", "{F3A4B5C6-D7E8-9012-CDEF-123456789013}"
EndProject
Project("{FAE04EC0-301F-11D3-BF4B-00C04F79EFBC}") = "Vali-Blob.Local", "src\Vali-Blob.Local\Vali-Blob.Local.csproj", "{A4B5C6D7-E8F9-0123-DEFA-234567890124}"
EndProject
Project("{FAE04EC0-301F-11D3-BF4B-00C04F79EFBC}") = "Vali-Blob.Core.Tests", "tests\Vali-Blob.Core.Tests\Vali-Blob.Core.Tests.csproj", "{60FF8B2E-A0D2-4127-96C9-781E17631F67}"
EndProject
Project("{FAE04EC0-301F-11D3-BF4B-00C04F79EFBC}") = "Vali-Blob.Integration.Tests", "tests\Vali-Blob.Integration.Tests\Vali-Blob.Integration.Tests.csproj", "{C3D4E5F6-A7B8-9012-CDEF-123456789012}"
EndProject
Project("{FAE04EC0-301F-11D3-BF4B-00C04F79EFBC}") = "Vali-Blob.EFCore", "src\Vali-Blob.EFCore\Vali-Blob.EFCore.csproj", "{49A516CF-F506-4B55-88A8-B6A2440C9FFF}"
EndProject
Project("{2150E333-8FDC-42A3-9474-1A3956D46DE8}") = "samples", "samples", "{5D20AA90-6969-D8BD-9DCD-8634F4692FDA}"
EndProject
Project("{FAE04EC0-301F-11D3-BF4B-00C04F79EFBC}") = "Vali-Blob.Sample", "samples\Vali-Blob.Sample\Vali-Blob.Sample.csproj", "{7497512A-A07E-4B07-BB46-E053F915A844}"
EndProject
Global
	GlobalSection(SolutionConfigurationPlatforms) = preSolution
		Debug|Any CPU = Debug|Any CPU
		Debug|x64 = Debug|x64
		Debug|x86 = Debug|x86
		Release|Any CPU = Release|Any CPU
		Release|x64 = Release|x64
		Release|x86 = Release|x86
	EndGlobalSection
	GlobalSection(ProjectConfigurationPlatforms) = postSolution
		{DD2390CB-F706-44E3-9334-793FFA95946A}.Debug|Any CPU.ActiveCfg = Debug|Any CPU
		{DD2390CB-F706-44E3-9334-793FFA95946A}.Debug|Any CPU.Build.0 = Debug|Any CPU
		{DD2390CB-F706-44E3-9334-793FFA95946A}.Debug|x64.ActiveCfg = Debug|Any CPU
		{DD2390CB-F706-44E3-9334-793FFA95946A}.Debug|x64.Build.0 = Debug|Any CPU
		{DD2390CB-F706-44E3-9334-793FFA95946A}.Debug|x86.ActiveCfg = Debug|Any CPU
		{DD2390CB-F706-44E3-9334-793FFA95946A}.Debug|x86.Build.0 = Debug|Any CPU
		{DD2390CB-F706-44E3-9334-793FFA95946A}.Release|Any CPU.ActiveCfg = Release|Any CPU
		{DD2390CB-F706-44E3-9334-793FFA95946A}.Release|Any CPU.Build.0 = Release|Any CPU
		{DD2390CB-F706-44E3-9334-793FFA95946A}.Release|x64.ActiveCfg = Release|Any CPU
		{DD2390CB-F706-44E3-9334-793FFA95946A}.Release|x64.Build.0 = Release|Any CPU
		{DD2390CB-F706-44E3-9334-793FFA95946A}.Release|x86.ActiveCfg = Release|Any CPU
		{DD2390CB-F706-44E3-9334-793FFA95946A}.Release|x86.Build.0 = Release|Any CPU
		{28AAEF2A-6CF0-48DB-BA71-5728DEB76F6D}.Debug|Any CPU.ActiveCfg = Debug|Any CPU
		{28AAEF2A-6CF0-48DB-BA71-5728DEB76F6D}.Debug|Any CPU.Build.0 = Debug|Any CPU
		{28AAEF2A-6CF0-48DB-BA71-5728DEB76F6D}.Debug|x64.ActiveCfg = Debug|Any CPU
		{28AAEF2A-6CF0-48DB-BA71-5728DEB76F6D}.Debug|x64.Build.0 = Debug|Any CPU
		{28AAEF2A-6CF0-48DB-BA71-5728DEB76F6D}.Debug|x86.ActiveCfg = Debug|Any CPU
		{28AAEF2A-6CF0-48DB-BA71-5728DEB76F6D}.Debug|x86.Build.0 = Debug|Any CPU
		{28AAEF2A-6CF0-48DB-BA71-5728DEB76F6D}.Release|Any CPU.ActiveCfg = Release|Any CPU
		{28AAEF2A-6CF0-48DB-BA71-5728DEB76F6D}.Release|Any CPU.Build.0 = Release|Any CPU
		{28AAEF2A-6CF0-48DB-BA71-5728DEB76F6D}.Release|x64.ActiveCfg = Release|Any CPU
		{28AAEF2A-6CF0-48DB-BA71-5728DEB76F6D}.Release|x64.Build.0 = Release|Any CPU
		{28AAEF2A-6CF0-48DB-BA71-5728DEB76F6D}.Release|x86.ActiveCfg = Release|Any CPU
		{28AAEF2A-6CF0-48DB-BA71-5728DEB76F6D}.Release|x86.Build.0 = Release|Any CPU
		{44441C34-4F60-48F3-95D6-4ECCB6A7D0E8}.Debug|Any CPU.ActiveCfg = Debug|Any CPU
		{44441C34-4F60-48F3-95D6-4ECCB6A7D0E8}.Debug|Any CPU.Build.0 = Debug|Any CPU
		{44441C34-4F60-48F3-95D6-4ECCB6A7D0E8}.Debug|x64.ActiveCfg = Debug|Any CPU
		{44441C34-4F60-48F3-95D6-4ECCB6A7D0E8}.Debug|x64.Build.0 = Debug|Any CPU
		{44441C34-4F60-48F3-95D6-4ECCB6A7D0E8}.Debug|x86.ActiveCfg = Debug|Any CPU
		{44441C34-4F60-48F3-95D6-4ECCB6A7D0E8}.Debug|x86.Build.0 = Debug|Any CPU
		{44441C34-4F60-48F3-95D6-4ECCB6A7D0E8}.Release|Any CPU.ActiveCfg = Release|Any CPU
		{44441C34-4F60-48F3-95D6-4ECCB6A7D0E8}.Release|Any CPU.Build.0 = Release|Any CPU
		{44441C34-4F60-48F3-95D6-4ECCB6A7D0E8}.Release|x64.ActiveCfg = Release|Any CPU
		{44441C34-4F60-48F3-95D6-4ECCB6A7D0E8}.Release|x64.Build.0 = Release|Any CPU
		{44441C34-4F60-48F3-95D6-4ECCB6A7D0E8}.Release|x86.ActiveCfg = Release|Any CPU
		{44441C34-4F60-48F3-95D6-4ECCB6A7D0E8}.Release|x86.Build.0 = Release|Any CPU
		{5AE1E1C9-0974-4E85-817B-6FB33D72CFDF}.Debug|Any CPU.ActiveCfg = Debug|Any CPU
		{5AE1E1C9-0974-4E85-817B-6FB33D72CFDF}.Debug|Any CPU.Build.0 = Debug|Any CPU
		{5AE1E1C9-0974-4E85-817B-6FB33D72CFDF}.Debug|x64.ActiveCfg = Debug|Any CPU
		{5AE1E1C9-0974-4E85-817B-6FB33D72CFDF}.Debug|x64.Build.0 = Debug|Any CPU
		{5AE1E1C9-0974-4E85-817B-6FB33D72CFDF}.Debug|x86.ActiveCfg = Debug|Any CPU
		{5AE1E1C9-0974-4E85-817B-6FB33D72CFDF}.Debug|x86.Build.0 = Debug|Any CPU
		{5AE1E1C9-0974-4E85-817B-6FB33D72CFDF}.Release|Any CPU.ActiveCfg = Release|Any CPU
		{5AE1E1C9-0974-4E85-817B-6FB33D72CFDF}.Release|Any CPU.Build.0 = Release|Any CPU
		{5AE1E1C9-0974-4E85-817B-6FB33D72CFDF}.Release|x64.ActiveCfg = Release|Any CPU
		{5AE1E1C9-0974-4E85-817B-6FB33D72CFDF}.Release|x64.Build.0 = Release|Any CPU
		{5AE1E1C9-0974-4E85-817B-6FB33D72CFDF}.Release|x86.ActiveCfg = Release|Any CPU
		{5AE1E1C9-0974-4E85-817B-6FB33D72CFDF}.Release|x86.Build.0 = Release|Any CPU
		{0DA05C93-05D1-4485-B6CF-B9F08DD10289}.Debug|Any CPU.ActiveCfg = Debug|Any CPU
		{0DA05C93-05D1-4485-B6CF-B9F08DD10289}.Debug|Any CPU.Build.0 = Debug|Any CPU
		{0DA05C93-05D1-4485-B6CF-B9F08DD10289}.Debug|x64.ActiveCfg = Debug|Any CPU
		{0DA05C93-05D1-4485-B6CF-B9F08DD10289}.Debug|x64.Build.0 = Debug|Any CPU
		{0DA05C93-05D1-4485-B6CF-B9F08DD10289}.Debug|x86.ActiveCfg = Debug|Any CPU
		{0DA05C93-05D1-4485-B6CF-B9F08DD10289}.Debug|x86.Build.0 = Debug|Any CPU
		{0DA05C93-05D1-4485-B6CF-B9F08DD10289}.Release|Any CPU.ActiveCfg = Release|Any CPU
		{0DA05C93-05D1-4485-B6CF-B9F08DD10289}.Release|Any CPU.Build.0 = Release|Any CPU
		{0DA05C93-05D1-4485-B6CF-B9F08DD10289}.Release|x64.ActiveCfg = Release|Any CPU
		{0DA05C93-05D1-4485-B6CF-B9F08DD10289}.Release|x64.Build.0 = Release|Any CPU
		{0DA05C93-05D1-4485-B6CF-B9F08DD10289}.Release|x86.ActiveCfg = Release|Any CPU
		{0DA05C93-05D1-4485-B6CF-B9F08DD10289}.Release|x86.Build.0 = Release|Any CPU
		{1C64E4E7-5F87-4B58-988D-DD2A9C6E3A76}.Debug|Any CPU.ActiveCfg = Debug|Any CPU
		{1C64E4E7-5F87-4B58-988D-DD2A9C6E3A76}.Debug|Any CPU.Build.0 = Debug|Any CPU
		{1C64E4E7-5F87-4B58-988D-DD2A9C6E3A76}.Debug|x64.ActiveCfg = Debug|Any CPU
		{1C64E4E7-5F87-4B58-988D-DD2A9C6E3A76}.Debug|x64.Build.0 = Debug|Any CPU
		{1C64E4E7-5F87-4B58-988D-DD2A9C6E3A76}.Debug|x86.ActiveCfg = Debug|Any CPU
		{1C64E4E7-5F87-4B58-988D-DD2A9C6E3A76}.Debug|x86.Build.0 = Debug|Any CPU
		{1C64E4E7-5F87-4B58-988D-DD2A9C6E3A76}.Release|Any CPU.ActiveCfg = Release|Any CPU
		{1C64E4E7-5F87-4B58-988D-DD2A9C6E3A76}.Release|Any CPU.Build.0 = Release|Any CPU
		{1C64E4E7-5F87-4B58-988D-DD2A9C6E3A76}.Release|x64.ActiveCfg = Release|Any CPU
		{1C64E4E7-5F87-4B58-988D-DD2A9C6E3A76}.Release|x64.Build.0 = Release|Any CPU
		{1C64E4E7-5F87-4B58-988D-DD2A9C6E3A76}.Release|x86.ActiveCfg = Release|Any CPU
		{1C64E4E7-5F87-4B58-988D-DD2A9C6E3A76}.Release|x86.Build.0 = Release|Any CPU
		{A1B2C3D4-E5F6-7890-ABCD-EF1234567890}.Debug|Any CPU.ActiveCfg = Debug|Any CPU
		{A1B2C3D4-E5F6-7890-ABCD-EF1234567890}.Debug|Any CPU.Build.0 = Debug|Any CPU
		{A1B2C3D4-E5F6-7890-ABCD-EF1234567890}.Debug|x64.ActiveCfg = Debug|Any CPU
		{A1B2C3D4-E5F6-7890-ABCD-EF1234567890}.Debug|x64.Build.0 = Debug|Any CPU
		{A1B2C3D4-E5F6-7890-ABCD-EF1234567890}.Debug|x86.ActiveCfg = Debug|Any CPU
		{A1B2C3D4-E5F6-7890-ABCD-EF1234567890}.Debug|x86.Build.0 = Debug|Any CPU
		{A1B2C3D4-E5F6-7890-ABCD-EF1234567890}.Release|Any CPU.ActiveCfg = Release|Any CPU
		{A1B2C3D4-E5F6-7890-ABCD-EF1234567890}.Release|Any CPU.Build.0 = Release|Any CPU
		{A1B2C3D4-E5F6-7890-ABCD-EF1234567890}.Release|x64.ActiveCfg = Release|Any CPU
		{A1B2C3D4-E5F6-7890-ABCD-EF1234567890}.Release|x64.Build.0 = Release|Any CPU
		{A1B2C3D4-E5F6-7890-ABCD-EF1234567890}.Release|x86.ActiveCfg = Release|Any CPU
		{A1B2C3D4-E5F6-7890-ABCD-EF1234567890}.Release|x86.Build.0 = Release|Any CPU
		{B2C3D4E5-F6A7-8901-BCDE-F12345678901}.Debug|Any CPU.ActiveCfg = Debug|Any CPU
		{B2C3D4E5-F6A7-8901-BCDE-F12345678901}.Debug|Any CPU.Build.0 = Debug|Any CPU
		{B2C3D4E5-F6A7-8901-BCDE-F12345678901}.Debug|x64.ActiveCfg = Debug|Any CPU
		{B2C3D4E5-F6A7-8901-BCDE-F12345678901}.Debug|x64.Build.0 = Debug|Any CPU
		{B2C3D4E5-F6A7-8901-BCDE-F12345678901}.Debug|x86.ActiveCfg = Debug|Any CPU
		{B2C3D4E5-F6A7-8901-BCDE-F12345678901}.Debug|x86.Build.0 = Debug|Any CPU
		{B2C3D4E5-F6A7-8901-BCDE-F12345678901}.Release|Any CPU.ActiveCfg = Release|Any CPU
		{B2C3D4E5-F6A7-8901-BCDE-F12345678901}.Release|Any CPU.Build.0 = Release|Any CPU
		{B2C3D4E5-F6A7-8901-BCDE-F12345678901}.Release|x64.ActiveCfg = Release|Any CPU
		{B2C3D4E5-F6A7-8901-BCDE-F12345678901}.Release|x64.Build.0 = Release|Any CPU
		{B2C3D4E5-F6A7-8901-BCDE-F12345678901}.Release|x86.ActiveCfg = Release|Any CPU
		{B2C3D4E5-F6A7-8901-BCDE-F12345678901}.Release|x86.Build.0 = Release|Any CPU
		{D1E2F3A4-B5C6-7890-ABCD-EF1234567891}.Debug|Any CPU.ActiveCfg = Debug|Any CPU
		{D1E2F3A4-B5C6-7890-ABCD-EF1234567891}.Debug|Any CPU.Build.0 = Debug|Any CPU
		{D1E2F3A4-B5C6-7890-ABCD-EF1234567891}.Debug|x64.ActiveCfg = Debug|Any CPU
		{D1E2F3A4-B5C6-7890-ABCD-EF1234567891}.Debug|x64.Build.0 = Debug|Any CPU
		{D1E2F3A4-B5C6-7890-ABCD-EF1234567891}.Debug|x86.ActiveCfg = Debug|Any CPU
		{D1E2F3A4-B5C6-7890-ABCD-EF1234567891}.Debug|x86.Build.0 = Debug|Any CPU
		{D1E2F3A4-B5C6-7890-ABCD-EF1234567891}.Release|Any CPU.ActiveCfg = Release|Any CPU
		{D1E2F3A4-B5C6-7890-ABCD-EF1234567891}.Release|Any CPU.Build.0 = Release|Any CPU
		{D1E2F3A4-B5C6-7890-ABCD-EF1234567891}.Release|x64.ActiveCfg = Release|Any CPU
		{D1E2F3A4-B5C6-7890-ABCD-EF1234567891}.Release|x64.Build.0 = Release|Any CPU
		{D1E2F3A4-B5C6-7890-ABCD-EF1234567891}.Release|x86.ActiveCfg = Release|Any CPU
		{D1E2F3A4-B5C6-7890-ABCD-EF1234567891}.Release|x86.Build.0 = Release|Any CPU
		{F3A4B5C6-D7E8-9012-CDEF-123456789013}.Debug|Any CPU.ActiveCfg = Debug|Any CPU
		{F3A4B5C6-D7E8-9012-CDEF-123456789013}.Debug|Any CPU.Build.0 = Debug|Any CPU
		{F3A4B5C6-D7E8-9012-CDEF-123456789013}.Debug|x64.ActiveCfg = Debug|Any CPU
		{F3A4B5C6-D7E8-9012-CDEF-123456789013}.Debug|x64.Build.0 = Debug|Any CPU
		{F3A4B5C6-D7E8-9012-CDEF-123456789013}.Debug|x86.ActiveCfg = Debug|Any CPU
		{F3A4B5C6-D7E8-9012-CDEF-123456789013}.Debug|x86.Build.0 = Debug|Any CPU
		{F3A4B5C6-D7E8-9012-CDEF-123456789013}.Release|Any CPU.ActiveCfg = Release|Any CPU
		{F3A4B5C6-D7E8-9012-CDEF-123456789013}.Release|Any CPU.Build.0 = Release|Any CPU
		{F3A4B5C6-D7E8-9012-CDEF-123456789013}.Release|x64.ActiveCfg = Release|Any CPU
		{F3A4B5C6-D7E8-9012-CDEF-123456789013}.Release|x64.Build.0 = Release|Any CPU
		{F3A4B5C6-D7E8-9012-CDEF-123456789013}.Release|x86.ActiveCfg = Release|Any CPU
		{F3A4B5C6-D7E8-9012-CDEF-123456789013}.Release|x86.Build.0 = Release|Any CPU
		{A4B5C6D7-E8F9-0123-DEFA-234567890124}.Debug|Any CPU.ActiveCfg = Debug|Any CPU
		{A4B5C6D7-E8F9-0123-DEFA-234567890124}.Debug|Any CPU.Build.0 = Debug|Any CPU
		{A4B5C6D7-E8F9-0123-DEFA-234567890124}.Debug|x64.ActiveCfg = Debug|Any CPU
		{A4B5C6D7-E8F9-0123-DEFA-234567890124}.Debug|x64.Build.0 = Debug|Any CPU
		{A4B5C6D7-E8F9-0123-DEFA-234567890124}.Debug|x86.ActiveCfg = Debug|Any CPU
		{A4B5C6D7-E8F9-0123-DEFA-234567890124}.Debug|x86.Build.0 = Debug|Any CPU
		{A4B5C6D7-E8F9-0123-DEFA-234567890124}.Release|Any CPU.ActiveCfg = Release|Any CPU
		{A4B5C6D7-E8F9-0123-DEFA-234567890124}.Release|Any CPU.Build.0 = Release|Any CPU
		{A4B5C6D7-E8F9-0123-DEFA-234567890124}.Release|x64.ActiveCfg = Release|Any CPU
		{A4B5C6D7-E8F9-0123-DEFA-234567890124}.Release|x64.Build.0 = Release|Any CPU
		{A4B5C6D7-E8F9-0123-DEFA-234567890124}.Release|x86.ActiveCfg = Release|Any CPU
		{A4B5C6D7-E8F9-0123-DEFA-234567890124}.Release|x86.Build.0 = Release|Any CPU
		{60FF8B2E-A0D2-4127-96C9-781E17631F67}.Debug|Any CPU.ActiveCfg = Debug|Any CPU
		{60FF8B2E-A0D2-4127-96C9-781E17631F67}.Debug|Any CPU.Build.0 = Debug|Any CPU
		{60FF8B2E-A0D2-4127-96C9-781E17631F67}.Debug|x64.ActiveCfg = Debug|Any CPU
		{60FF8B2E-A0D2-4127-96C9-781E17631F67}.Debug|x64.Build.0 = Debug|Any CPU
		{60FF8B2E-A0D2-4127-96C9-781E17631F67}.Debug|x86.ActiveCfg = Debug|Any CPU
		{60FF8B2E-A0D2-4127-96C9-781E17631F67}.Debug|x86.Build.0 = Debug|Any CPU
		{60FF8B2E-A0D2-4127-96C9-781E17631F67}.Release|Any CPU.ActiveCfg = Release|Any CPU
		{60FF8B2E-A0D2-4127-96C9-781E17631F67}.Release|Any CPU.Build.0 = Release|Any CPU
		{60FF8B2E-A0D2-4127-96C9-781E17631F67}.Release|x64.ActiveCfg = Release|Any CPU
		{60FF8B2E-A0D2-4127-96C9-781E17631F67}.Release|x64.Build.0 = Release|Any CPU
		{60FF8B2E-A0D2-4127-96C9-781E17631F67}.Release|x86.ActiveCfg = Release|Any CPU
		{60FF8B2E-A0D2-4127-96C9-781E17631F67}.Release|x86.Build.0 = Release|Any CPU
		{C3D4E5F6-A7B8-9012-CDEF-123456789012}.Debug|Any CPU.ActiveCfg = Debug|Any CPU
		{C3D4E5F6-A7B8-9012-CDEF-123456789012}.Debug|Any CPU.Build.0 = Debug|Any CPU
		{C3D4E5F6-A7B8-9012-CDEF-123456789012}.Debug|x64.ActiveCfg = Debug|Any CPU
		{C3D4E5F6-A7B8-9012-CDEF-123456789012}.Debug|x64.Build.0 = Debug|Any CPU
		{C3D4E5F6-A7B8-9012-CDEF-123456789012}.Debug|x86.ActiveCfg = Debug|Any CPU
		{C3D4E5F6-A7B8-9012-CDEF-123456789012}.Debug|x86.Build.0 = Debug|Any CPU
		{C3D4E5F6-A7B8-9012-CDEF-123456789012}.Release|Any CPU.ActiveCfg = Release|Any CPU
		{C3D4E5F6-A7B8-9012-CDEF-123456789012}.Release|Any CPU.Build.0 = Release|Any CPU
		{C3D4E5F6-A7B8-9012-CDEF-123456789012}.Release|x64.ActiveCfg = Release|Any CPU
		{C3D4E5F6-A7B8-9012-CDEF-123456789012}.Release|x64.Build.0 = Release|Any CPU
		{C3D4E5F6-A7B8-9012-CDEF-123456789012}.Release|x86.ActiveCfg = Release|Any CPU
		{C3D4E5F6-A7B8-9012-CDEF-123456789012}.Release|x86.Build.0 = Release|Any CPU
		{49A516CF-F506-4B55-88A8-B6A2440C9FFF}.Debug|Any CPU.ActiveCfg = Debug|Any CPU
		{49A516CF-F506-4B55-88A8-B6A2440C9FFF}.Debug|Any CPU.Build.0 = Debug|Any CPU
		{49A516CF-F506-4B55-88A8-B6A2440C9FFF}.Debug|x64.ActiveCfg = Debug|Any CPU
		{49A516CF-F506-4B55-88A8-B6A2440C9FFF}.Debug|x64.Build.0 = Debug|Any CPU
		{49A516CF-F506-4B55-88A8-B6A2440C9FFF}.Debug|x86.ActiveCfg = Debug|Any CPU
		{49A516CF-F506-4B55-88A8-B6A2440C9FFF}.Debug|x86.Build.0 = Debug|Any CPU
		{49A516CF-F506-4B55-88A8-B6A2440C9FFF}.Release|Any CPU.ActiveCfg = Release|Any CPU
		{49A516CF-F506-4B55-88A8-B6A2440C9FFF}.Release|Any CPU.Build.0 = Release|Any CPU
		{49A516CF-F506-4B55-88A8-B6A2440C9FFF}.Release|x64.ActiveCfg = Release|Any CPU
		{49A516CF-F506-4B55-88A8-B6A2440C9FFF}.Release|x64.Build.0 = Release|Any CPU
		{49A516CF-F506-4B55-88A8-B6A2440C9FFF}.Release|x86.ActiveCfg = Release|Any CPU
		{49A516CF-F506-4B55-88A8-B6A2440C9FFF}.Release|x86.Build.0 = Release|Any CPU
		{7497512A-A07E-4B07-BB46-E053F915A844}.Debug|Any CPU.ActiveCfg = Debug|Any CPU
		{7497512A-A07E-4B07-BB46-E053F915A844}.Debug|Any CPU.Build.0 = Debug|Any CPU
		{7497512A-A07E-4B07-BB46-E053F915A844}.Debug|x64.ActiveCfg = Debug|Any CPU
		{7497512A-A07E-4B07-BB46-E053F915A844}.Debug|x64.Build.0 = Debug|Any CPU
		{7497512A-A07E-4B07-BB46-E053F915A844}.Debug|x86.ActiveCfg = Debug|Any CPU
		{7497512A-A07E-4B07-BB46-E053F915A844}.Debug|x86.Build.0 = Debug|Any CPU
		{7497512A-A07E-4B07-BB46-E053F915A844}.Release|Any CPU.ActiveCfg = Release|Any CPU
		{7497512A-A07E-4B07-BB46-E053F915A844}.Release|Any CPU.Build.0 = Release|Any CPU
		{7497512A-A07E-4B07-BB46-E053F915A844}.Release|x64.ActiveCfg = Release|Any CPU
		{7497512A-A07E-4B07-BB46-E053F915A844}.Release|x64.Build.0 = Release|Any CPU
		{7497512A-A07E-4B07-BB46-E053F915A844}.Release|x86.ActiveCfg = Release|Any CPU
		{7497512A-A07E-4B07-BB46-E053F915A844}.Release|x86.Build.0 = Release|Any CPU
	EndGlobalSection
	GlobalSection(SolutionProperties) = preSolution
		HideSolutionNode = FALSE
	EndGlobalSection
	GlobalSection(NestedProjects) = preSolution
		{DD2390CB-F706-44E3-9334-793FFA95946A} = {827E0CD3-B72D-47B6-A68D-7590B98EB39B}
		{28AAEF2A-6CF0-48DB-BA71-5728DEB76F6D} = {827E0CD3-B72D-47B6-A68D-7590B98EB39B}
		{44441C34-4F60-48F3-95D6-4ECCB6A7D0E8} = {827E0CD3-B72D-47B6-A68D-7590B98EB39B}
		{5AE1E1C9-0974-4E85-817B-6FB33D72CFDF} = {827E0CD3-B72D-47B6-A68D-7590B98EB39B}
		{0DA05C93-05D1-4485-B6CF-B9F08DD10289} = {827E0CD3-B72D-47B6-A68D-7590B98EB39B}
		{1C64E4E7-5F87-4B58-988D-DD2A9C6E3A76} = {827E0CD3-B72D-47B6-A68D-7590B98EB39B}
		{A1B2C3D4-E5F6-7890-ABCD-EF1234567890} = {827E0CD3-B72D-47B6-A68D-7590B98EB39B}
		{B2C3D4E5-F6A7-8901-BCDE-F12345678901} = {827E0CD3-B72D-47B6-A68D-7590B98EB39B}
		{D1E2F3A4-B5C6-7890-ABCD-EF1234567891} = {827E0CD3-B72D-47B6-A68D-7590B98EB39B}
		{F3A4B5C6-D7E8-9012-CDEF-123456789013} = {827E0CD3-B72D-47B6-A68D-7590B98EB39B}
		{A4B5C6D7-E8F9-0123-DEFA-234567890124} = {827E0CD3-B72D-47B6-A68D-7590B98EB39B}
		{60FF8B2E-A0D2-4127-96C9-781E17631F67} = {827E0CD3-B72D-47B6-A68D-7590B98EB39B}
		{C3D4E5F6-A7B8-9012-CDEF-123456789012} = {827E0CD3-B72D-47B6-A68D-7590B98EB39B}
		{49A516CF-F506-4B55-88A8-B6A2440C9FFF} = {827E0CD3-B72D-47B6-A68D-7590B98EB39B}
		{7497512A-A07E-4B07-BB46-E053F915A844} = {5D20AA90-6969-D8BD-9DCD-8634F4692FDA}
	EndGlobalSection
EndGlobal
